{
  "name": "minecraft-bedrock-bot",
  "version": "1.0.0",
  "description": "Bot 24/7 para Minecraft Bedrock",
  "main": "index.js",
  "scripts": {
    "start": "node index.js"
  },
  "keywords": [
    "minecraft",
    "bedrock",
    "bot"
  ],
  "author": "Victor Boff",
  "license": "MIT",
  "dependencies": {
    "bedrock-protocol": "^3.40.0",
    "dotenv": "^16.6.1"
  },
  "engines": {
    "node": ">=18.0.0"
  }
}
